// !$*UTF8*$!
{
	archiveVersion = 1;
	classes = {
	};
	objectVersion = 46;
	objects = {

/* Begin PBXBuildFile section */
		0FC2F8711E15F973006079D2 /* main.m in Sources */ = {isa = PBXBuildFile; fileRef = 0FC2F8701E15F973006079D2 /* main.m */; };
		0FC2F8741E15F973006079D2 /* AppDelegate.m in Sources */ = {isa = PBXBuildFile; fileRef = 0FC2F8731E15F973006079D2 /* AppDelegate.m */; };
		0FC2F8771E15F973006079D2 /* ViewController.m in Sources */ = {isa = PBXBuildFile; fileRef = 0FC2F8761E15F973006079D2 /* ViewController.m */; };
		0FC2F87A1E15F973006079D2 /* Main.storyboard in Resources */ = {isa = PBXBuildFile; fileRef = 0FC2F8781E15F973006079D2 /* Main.storyboard */; };
		0FC2F87C1E15F973006079D2 /* Assets.xcassets in Resources */ = {isa = PBXBuildFile; fileRef = 0FC2F87B1E15F973006079D2 /* Assets.xcassets */; };
		0FC2F87F1E15F973006079D2 /* LaunchScreen.storyboard in Resources */ = {isa = PBXBuildFile; fileRef = 0FC2F87D1E15F973006079D2 /* LaunchScreen.storyboard */; };
		0FC2F8881E15F9AD006079D2 /* WJGifLoadView.m in Sources */ = {isa = PBXBuildFile; fileRef = 0FC2F8871E15F9AD006079D2 /* WJGifLoadView.m */; };
		0FC2F88B1E15F9BE006079D2 /* UIViewController+HUD.m in Sources */ = {isa = PBXBuildFile; fileRef = 0FC2F88A1E15F9BE006079D2 /* UIViewController+HUD.m */; };
		0FC2F88E1E15FB27006079D2 /* UIView+MJExtension.m in Sources */ = {isa = PBXBuildFile; fileRef = 0FC2F88D1E15FB27006079D2 /* UIView+MJExtension.m */; };
		0FC2F8941E15FF27006079D2 /* jump1.png in Resources */ = {isa = PBXBuildFile; fileRef = 0FC2F8901E15FF27006079D2 /* jump1.png */; };
		0FC2F8951E15FF27006079D2 /* jump2.png in Resources */ = {isa = PBXBuildFile; fileRef = 0FC2F8911E15FF27006079D2 /* jump2.png */; };
		0FC2F8961E15FF27006079D2 /* jump3.png in Resources */ = {isa = PBXBuildFile; fileRef = 0FC2F8921E15FF27006079D2 /* jump3.png */; };
		0FC2F8971E15FF27006079D2 /* jump4.png in Resources */ = {isa = PBXBuildFile; fileRef = 0FC2F8931E15FF27006079D2 /* jump4.png */; };
		0FC2F8991E15FF7E006079D2 /* jump.gif in Resources */ = {isa = PBXBuildFile; fileRef = 0FC2F8981E15FF7E006079D2 /* jump.gif */; };
		0FC2F89C1E160039006079D2 /* img_xiaoqian_cry@2x.png in Resources */ = {isa = PBXBuildFile; fileRef = 0FC2F89A1E160039006079D2 /* img_xiaoqian_cry@2x.png */; };
		0FC2F89D1E160039006079D2 /* img_xiaoqian_cry@3x.png in Resources */ = {isa = PBXBuildFile; fileRef = 0FC2F89B1E160039006079D2 /* img_xiaoqian_cry@3x.png */; };
		0FC2F8A01E16007A006079D2 /* icon_no_record@2x.png in Resources */ = {isa = PBXBuildFile; fileRef = 0FC2F89E1E16007A006079D2 /* icon_no_record@2x.png */; };
		0FC2F8A11E16007A006079D2 /* icon_no_record@3x.png in Resources */ = {isa = PBXBuildFile; fileRef = 0FC2F89F1E16007A006079D2 /* icon_no_record@3x.png */; };
		67011449099C72D6B8E536A3 /* libPods-WJLoadViewDemo.a in Frameworks */ = {isa = PBXBuildFile; fileRef = 99495F70B58AFCE3B76FFABD /* libPods-WJLoadViewDemo.a */; };
/* End PBXBuildFile section */

/* Begin PBXFileReference section */
		0FC2F86C1E15F973006079D2 /* WJLoadViewDemo.app */ = {isa = PBXFileReference; explicitFileType = wrapper.application; includeInIndex = 0; path = WJLoadViewDemo.app; sourceTree = BUILT_PRODUCTS_DIR; };
		0FC2F8701E15F973006079D2 /* main.m */ = {isa = PBXFileReference; lastKnownFileType = sourcecode.c.objc; path = main.m; sourceTree = "<group>"; };
		0FC2F8721E15F973006079D2 /* AppDelegate.h */ = {isa = PBXFileReference; lastKnownFileType = sourcecode.c.h; path = AppDelegate.h; sourceTree = "<group>"; };
		0FC2F8731E15F973006079D2 /* AppDelegate.m */ = {isa = PBXFileReference; lastKnownFileType = sourcecode.c.objc; path = AppDelegate.m; sourceTree = "<group>"; };
		0FC2F8751E15F973006079D2 /* ViewController.h */ = {isa = PBXFileReference; lastKnownFileType = sourcecode.c.h; path = ViewController.h; sourceTree = "<group>"; };
		0FC2F8761E15F973006079D2 /* ViewController.m */ = {isa = PBXFileReference; lastKnownFileType = sourcecode.c.objc; path = ViewController.m; sourceTree = "<group>"; };
		0FC2F8791E15F973006079D2 /* Base */ = {isa = PBXFileReference; lastKnownFileType = file.storyboard; name = Base; path = Base.lproj/Main.storyboard; sourceTree = "<group>"; };
		0FC2F87B1E15F973006079D2 /* Assets.xcassets */ = {isa = PBXFileReference; lastKnownFileType = folder.assetcatalog; path = Assets.xcassets; sourceTree = "<group>"; };
		0FC2F87E1E15F973006079D2 /* Base */ = {isa = PBXFileReference; lastKnownFileType = file.storyboard; name = Base; path = Base.lproj/LaunchScreen.storyboard; sourceTree = "<group>"; };
		0FC2F8801E15F973006079D2 /* Info.plist */ = {isa = PBXFileReference; lastKnownFileType = text.plist.xml; path = Info.plist; sourceTree = "<group>"; };
		0FC2F8861E15F9AD006079D2 /* WJGifLoadView.h */ = {isa = PBXFileReference; fileEncoding = 4; lastKnownFileType = sourcecode.c.h; path = WJGifLoadView.h; sourceTree = "<group>"; };
		0FC2F8871E15F9AD006079D2 /* WJGifLoadView.m */ = {isa = PBXFileReference; fileEncoding = 4; lastKnownFileType = sourcecode.c.objc; path = WJGifLoadView.m; sourceTree = "<group>"; };
		0FC2F8891E15F9BE006079D2 /* UIViewController+HUD.h */ = {isa = PBXFileReference; fileEncoding = 4; lastKnownFileType = sourcecode.c.h; name = "UIViewController+HUD.h"; path = "../UIViewController+HUD.h"; sourceTree = "<group>"; };
		0FC2F88A1E15F9BE006079D2 /* UIViewController+HUD.m */ = {isa = PBXFileReference; fileEncoding = 4; lastKnownFileType = sourcecode.c.objc; name = "UIViewController+HUD.m"; path = "../UIViewController+HUD.m"; sourceTree = "<group>"; };
		0FC2F88C1E15FB27006079D2 /* UIView+MJExtension.h */ = {isa = PBXFileReference; fileEncoding = 4; lastKnownFileType = sourcecode.c.h; path = "UIView+MJExtension.h"; sourceTree = "<group>"; };
		0FC2F88D1E15FB27006079D2 /* UIView+MJExtension.m */ = {isa = PBXFileReference; fileEncoding = 4; lastKnownFileType = sourcecode.c.objc; path = "UIView+MJExtension.m"; sourceTree = "<group>"; };
		0FC2F8901E15FF27006079D2 /* jump1.png */ = {isa = PBXFileReference; lastKnownFileType = image.png; path = jump1.png; sourceTree = "<group>"; };
		0FC2F8911E15FF27006079D2 /* jump2.png */ = {isa = PBXFileReference; lastKnownFileType = image.png; path = jump2.png; sourceTree = "<group>"; };
		0FC2F8921E15FF27006079D2 /* jump3.png */ = {isa = PBXFileReference; lastKnownFileType = image.png; path = jump3.png; sourceTree = "<group>"; };
		0FC2F8931E15FF27006079D2 /* jump4.png */ = {isa = PBXFileReference; lastKnownFileType = image.png; path = jump4.png; sourceTree = "<group>"; };
		0FC2F8981E15FF7E006079D2 /* jump.gif */ = {isa = PBXFileReference; lastKnownFileType = image.gif; path = jump.gif; sourceTree = "<group>"; };
		0FC2F89A1E160039006079D2 /* img_xiaoqian_cry@2x.png */ = {isa = PBXFileReference; lastKnownFileType = image.png; path = "img_xiaoqian_cry@2x.png"; sourceTree = "<group>"; };
		0FC2F89B1E160039006079D2 /* img_xiaoqian_cry@3x.png */ = {isa = PBXFileReference; lastKnownFileType = image.png; path = "img_xiaoqian_cry@3x.png"; sourceTree = "<group>"; };
		0FC2F89E1E16007A006079D2 /* icon_no_record@2x.png */ = {isa = PBXFileReference; lastKnownFileType = image.png; path = "icon_no_record@2x.png"; sourceTree = "<group>"; };
		0FC2F89F1E16007A006079D2 /* icon_no_record@3x.png */ = {isa = PBXFileReference; lastKnownFileType = image.png; path = "icon_no_record@3x.png"; sourceTree = "<group>"; };
		43B24933431DC48870469321 /* Pods-WJLoadViewDemo.debug.xcconfig */ = {isa = PBXFileReference; includeInIndex = 1; lastKnownFileType = text.xcconfig; name = "Pods-WJLoadViewDemo.debug.xcconfig"; path = "Pods/Target Support Files/Pods-WJLoadViewDemo/Pods-WJLoadViewDemo.debug.xcconfig"; sourceTree = "<group>"; };
		99495F70B58AFCE3B76FFABD /* libPods-WJLoadViewDemo.a */ = {isa = PBXFileReference; explicitFileType = archive.ar; includeInIndex = 0; path = "libPods-WJLoadViewDemo.a"; sourceTree = BUILT_PRODUCTS_DIR; };
		EA27ABD826EDBCF0B2387AE5 /* Pods-WJLoadViewDemo.release.xcconfig */ = {isa = PBXFileReference; includeInIndex = 1; lastKnownFileType = text.xcconfig; name = "Pods-WJLoadViewDemo.release.xcconfig"; path = "Pods/Target Support Files/Pods-WJLoadViewDemo/Pods-WJLoadViewDemo.release.xcconfig"; sourceTree = "<group>"; };
/* End PBXFileReference section */

/* Begin PBXFrameworksBuildPhase section */
		0FC2F8691E15F973006079D2 /* Frameworks */ = {
			isa = PBXFrameworksBuildPhase;
			buildActionMask = 2147483647;
			files = (
				67011449099C72D6B8E536A3 /* libPods-WJLoadViewDemo.a in Frameworks */,
			);
			runOnlyForDeploymentPostprocessing = 0;
		};
/* End PBXFrameworksBuildPhase section */

/* Begin PBXGroup section */
		0FC2F8631E15F973006079D2 = {
			isa = PBXGroup;
			children = (
				0FC2F86E1E15F973006079D2 /* WJLoadViewDemo */,
				0FC2F86D1E15F973006079D2 /* Products */,
				D294F623D1ECA66DC2EFD693 /* Pods */,
				B1022BCB7317A8FDAA76F93F /* Frameworks */,
			);
			sourceTree = "<group>";
		};
		0FC2F86D1E15F973006079D2 /* Products */ = {
			isa = PBXGroup;
			children = (
				0FC2F86C1E15F973006079D2 /* WJLoadViewDemo.app */,
			);
			name = Products;
			sourceTree = "<group>";
		};
		0FC2F86E1E15F973006079D2 /* WJLoadViewDemo */ = {
			isa = PBXGroup;
			children = (
				0FC2F88F1E15FEC6006079D2 /* resource */,
				0FC2F8A21E160AC0006079D2 /* Category */,
				0FC2F8891E15F9BE006079D2 /* UIViewController+HUD.h */,
				0FC2F88A1E15F9BE006079D2 /* UIViewController+HUD.m */,
				0FC2F8861E15F9AD006079D2 /* WJGifLoadView.h */,
				0FC2F8871E15F9AD006079D2 /* WJGifLoadView.m */,
				0FC2F8721E15F973006079D2 /* AppDelegate.h */,
				0FC2F8731E15F973006079D2 /* AppDelegate.m */,
				0FC2F8751E15F973006079D2 /* ViewController.h */,
				0FC2F8761E15F973006079D2 /* ViewController.m */,
				0FC2F8781E15F973006079D2 /* Main.storyboard */,
				0FC2F87B1E15F973006079D2 /* Assets.xcassets */,
				0FC2F87D1E15F973006079D2 /* LaunchScreen.storyboard */,
				0FC2F8801E15F973006079D2 /* Info.plist */,
				0FC2F86F1E15F973006079D2 /* Supporting Files */,
			);
			path = WJLoadViewDemo;
			sourceTree = "<group>";
		};
		0FC2F86F1E15F973006079D2 /* Supporting Files */ = {
			isa = PBXGroup;
			children = (
				0FC2F8701E15F973006079D2 /* main.m */,
			);
			name = "Supporting Files";
			sourceTree = "<group>";
		};
		0FC2F88F1E15FEC6006079D2 /* resource */ = {
			isa = PBXGroup;
			children = (
				0FC2F89E1E16007A006079D2 /* icon_no_record@2x.png */,
				0FC2F89F1E16007A006079D2 /* icon_no_record@3x.png */,
				0FC2F89A1E160039006079D2 /* img_xiaoqian_cry@2x.png */,
				0FC2F89B1E160039006079D2 /* img_xiaoqian_cry@3x.png */,
				0FC2F8901E15FF27006079D2 /* jump1.png */,
				0FC2F8911E15FF27006079D2 /* jump2.png */,
				0FC2F8921E15FF27006079D2 /* jump3.png */,
				0FC2F8931E15FF27006079D2 /* jump4.png */,
				0FC2F8981E15FF7E006079D2 /* jump.gif */,
			);
			path = resource;
			sourceTree = "<group>";
		};
		0FC2F8A21E160AC0006079D2 /* Category */ = {
			isa = PBXGroup;
			children = (
				0FC2F88C1E15FB27006079D2 /* UIView+MJExtension.h */,
				0FC2F88D1E15FB27006079D2 /* UIView+MJExtension.m */,
			);
			name = Category;
			sourceTree = "<group>";
		};
		B1022BCB7317A8FDAA76F93F /* Frameworks */ = {
			isa = PBXGroup;
			children = (
				99495F70B58AFCE3B76FFABD /* libPods-WJLoadViewDemo.a */,
			);
			name = Frameworks;
			sourceTree = "<group>";
		};
		D294F623D1ECA66DC2EFD693 /* Pods */ = {
			isa = PBXGroup;
			children = (
				43B24933431DC48870469321 /* Pods-WJLoadViewDemo.debug.xcconfig */,
				EA27ABD826EDBCF0B2387AE5 /* Pods-WJLoadViewDemo.release.xcconfig */,
			);
			name = Pods;
			sourceTree = "<group>";
		};
/* End PBXGroup section */

/* Begin PBXNativeTarget section */
		0FC2F86B1E15F973006079D2 /* WJLoadViewDemo */ = {
			isa = PBXNativeTarget;
			buildConfigurationList = 0FC2F8831E15F973006079D2 /* Build configuration list for PBXNativeTarget "WJLoadViewDemo" */;
			buildPhases = (
				210FAB20BF9FBF470B471641 /* [CP] Check Pods Manifest.lock */,
				0FC2F8681E15F973006079D2 /* Sources */,
				0FC2F8691E15F973006079D2 /* Frameworks */,
				0FC2F86A1E15F973006079D2 /* Resources */,
				D71E985C2E619FC9B860E61D /* [CP] Embed Pods Frameworks */,
				C19CE4EA1837110EE01E21BB /* [CP] Copy Pods Resources */,
			);
			buildRules = (
			);
			dependencies = (
			);
			name = WJLoadViewDemo;
			productName = WJLoadViewDemo;
			productReference = 0FC2F86C1E15F973006079D2 /* WJLoadViewDemo.app */;
			productType = "com.apple.product-type.application";
		};
/* End PBXNativeTarget section */

/* Begin PBXProject section */
		0FC2F8641E15F973006079D2 /* Project object */ = {
			isa = PBXProject;
			attributes = {
				LastUpgradeCheck = 0800;
				ORGANIZATIONNAME = qhfax;
				TargetAttributes = {
					0FC2F86B1E15F973006079D2 = {
						CreatedOnToolsVersion = 8.0;
						DevelopmentTeam = JHA85WF3AT;
						ProvisioningStyle = Automatic;
					};
				};
			};
			buildConfigurationList = 0FC2F8671E15F973006079D2 /* Build configuration list for PBXProject "WJLoadViewDemo" */;
			compatibilityVersion = "Xcode 3.2";
			developmentRegion = English;
			hasScannedForEncodings = 0;
			knownRegions = (
				en,
				Base,
			);
			mainGroup = 0FC2F8631E15F973006079D2;
			productRefGroup = 0FC2F86D1E15F973006079D2 /* Products */;
			projectDirPath = "";
			projectRoot = "";
			targets = (
				0FC2F86B1E15F973006079D2 /* WJLoadViewDemo */,
			);
		};
/* End PBXProject section */

/* Begin PBXResourcesBuildPhase section */
		0FC2F86A1E15F973006079D2 /* Resources */ = {
			isa = PBXResourcesBuildPhase;
			buildActionMask = 2147483647;
			files = (
				0FC2F87F1E15F973006079D2 /* LaunchScreen.storyboard in Resources */,
				0FC2F8991E15FF7E006079D2 /* jump.gif in Resources */,
				0FC2F89D1E160039006079D2 /* img_xiaoqian_cry@3x.png in Resources */,
				0FC2F8941E15FF27006079D2 /* jump1.png in Resources */,
				0FC2F87C1E15F973006079D2 /* Assets.xcassets in Resources */,
				0FC2F8A01E16007A006079D2 /* icon_no_record@2x.png in Resources */,
				0FC2F8961E15FF27006079D2 /* jump3.png in Resources */,
				0FC2F8971E15FF27006079D2 /* jump4.png in Resources */,
				0FC2F8951E15FF27006079D2 /* jump2.png in Resources */,
				0FC2F89C1E160039006079D2 /* img_xiaoqian_cry@2x.png in Resources */,
				0FC2F8A11E16007A006079D2 /* icon_no_record@3x.png in Resources */,
				0FC2F87A1E15F973006079D2 /* Main.storyboard in Resources */,
			);
			runOnlyForDeploymentPostprocessing = 0;
		};
/* End PBXResourcesBuildPhase section */

/* Begin PBXShellScriptBuildPhase section */
		210FAB20BF9FBF470B471641 /* [CP] Check Pods Manifest.lock */ = {
			isa = PBXShellScriptBuildPhase;
			buildActionMask = 2147483647;
			files = (
			);
			inputPaths = (
			);
			name = "[CP] Check Pods Manifest.lock";
			outputPaths = (
			);
			runOnlyForDeploymentPostprocessing = 0;
			shellPath = /bin/sh;
			shellScript = "diff \"${PODS_ROOT}/../Podfile.lock\" \"${PODS_ROOT}/Manifest.lock\" > /dev/null\nif [[ $? != 0 ]] ; then\n    cat << EOM\nerror: The sandbox is not in sync with the Podfile.lock. Run 'pod install' or update your CocoaPods installation.\nEOM\n    exit 1\nfi\n";
			showEnvVarsInLog = 0;
		};
		C19CE4EA1837110EE01E21BB /* [CP] Copy Pods Resources */ = {
			isa = PBXShellScriptBuildPhase;
			buildActionMask = 2147483647;
			files = (
			);
			inputPaths = (
			);
			name = "[CP] Copy Pods Resources";
			outputPaths = (
			);
			runOnlyForDeploymentPostprocessing = 0;
			shellPath = /bin/sh;
			shellScript = "\"${SRCROOT}/Pods/Target Support Files/Pods-WJLoadViewDemo/Pods-WJLoadViewDemo-resources.sh\"\n";
			showEnvVarsInLog = 0;
		};
		D71E985C2E619FC9B860E61D /* [CP] Embed Pods Frameworks */ = {
			isa = PBXShellScriptBuildPhase;
			buildActionMask = 2147483647;
			files = (
			);
			inputPaths = (
			);
			name = "[CP] Embed Pods Frameworks";
			outputPaths = (
			);
			runOnlyForDeploymentPostprocessing = 0;
			shellPath = /bin/sh;
			shellScript = "\"${SRCROOT}/Pods/Target Support Files/Pods-WJLoadViewDemo/Pods-WJLoadViewDemo-frameworks.sh\"\n";
			showEnvVarsInLog = 0;
		};
/* End PBXShellScriptBuildPhase section */

/* Begin PBXSourcesBuildPhase section */
		0FC2F8681E15F973006079D2 /* Sources */ = {
			isa = PBXSourcesBuildPhase;
			buildActionMask = 2147483647;
			files = (
				0FC2F88B1E15F9BE006079D2 /* UIViewController+HUD.m in Sources */,
				0FC2F88E1E15FB27006079D2 /* UIView+MJExtension.m in Sources */,
				0FC2F8881E15F9AD006079D2 /* WJGifLoadView.m in Sources */,
				0FC2F8771E15F973006079D2 /* ViewController.m in Sources */,
				0FC2F8741E15F973006079D2 /* AppDelegate.m in Sources */,
				0FC2F8711E15F973006079D2 /* main.m in Sources */,
			);
			runOnlyForDeploymentPostprocessing = 0;
		};
/* End PBXSourcesBuildPhase section */

/* Begin PBXVariantGroup section */
		0FC2F8781E15F973006079D2 /* Main.storyboard */ = {
			isa = PBXVariantGroup;
			children = (
				0FC2F8791E15F973006079D2 /* Base */,
			);
			name = Main.storyboard;
			sourceTree = "<group>";
		};
		0FC2F87D1E15F973006079D2 /* LaunchScreen.storyboard */ = {
			isa = PBXVariantGroup;
			children = (
				0FC2F87E1E15F973006079D2 /* Base */,
			);
			name = LaunchScreen.storyboard;
			sourceTree = "<group>";
		};
/* End PBXVariantGroup section */

/* Begin XCBuildConfiguration section */
		0FC2F8811E15F973006079D2 /* Debug */ = {
			isa = XCBuildConfiguration;
			buildSettings = {
				ALWAYS_SEARCH_USER_PATHS = NO;
				CLANG_ANALYZER_NONNULL = YES;
				CLANG_CXX_LANGUAGE_STANDARD = "gnu++0x";
				CLANG_CXX_LIBRARY = "libc++";
				CLANG_ENABLE_MODULES = YES;
				CLANG_ENABLE_OBJC_ARC = YES;
				CLANG_WARN_BOOL_CONVERSION = YES;
				CLANG_WARN_CONSTANT_CONVERSION = YES;
				CLANG_WARN_DIRECT_OBJC_ISA_USAGE = YES_ERROR;
				CLANG_WARN_DOCUMENTATION_COMMENTS = YES;
				CLANG_WARN_EMPTY_BODY = YES;
				CLANG_WARN_ENUM_CONVERSION = YES;
				CLANG_WARN_INFINITE_RECURSION = YES;
				CLANG_WARN_INT_CONVERSION = YES;
				CLANG_WARN_OBJC_ROOT_CLASS = YES_ERROR;
				CLANG_WARN_SUSPICIOUS_MOVES = YES;
				CLANG_WARN_UNREACHABLE_CODE = YES;
				CLANG_WARN__DUPLICATE_METHOD_MATCH = YES;
				"CODE_SIGN_IDENTITY[sdk=iphoneos*]" = "iPhone Developer";
				COPY_PHASE_STRIP = NO;
				DEBUG_INFORMATION_FORMAT = dwarf;
				ENABLE_STRICT_OBJC_MSGSEND = YES;
				ENABLE_TESTABILITY = YES;
				GCC_C_LANGUAGE_STANDARD = gnu99;
				GCC_DYNAMIC_NO_PIC = NO;
				GCC_NO_COMMON_BLOCKS = YES;
				GCC_OPTIMIZATION_LEVEL = 0;
				GCC_PREPROCESSOR_DEFINITIONS = (
					"DEBUG=1",
					"$(inherited)",
				);
				GCC_WARN_64_TO_32_BIT_CONVERSION = YES;
				GCC_WARN_ABOUT_RETURN_TYPE = YES_ERROR;
				GCC_WARN_UNDECLARED_SELECTOR = YES;
				GCC_WARN_UNINITIALIZED_AUTOS = YES_AGGRESSIVE;
				GCC_WARN_UNUSED_FUNCTION = YES;
				GCC_WARN_UNUSED_VARIABLE = YES;
				IPHONEOS_DEPLOYMENT_TARGET = 10.0;
				MTL_ENABLE_DEBUG_INFO = YES;
				ONLY_ACTIVE_ARCH = YES;
				SDKROOT = iphoneos;
			};
			name = Debug;
		};
		0FC2F8821E15F973006079D2 /* Release */ = {
			isa = XCBuildConfiguration;
			buildSettings = {
				ALWAYS_SEARCH_USER_PATHS = NO;
				CLANG_ANALYZER_NONNULL = YES;
				CLANG_CXX_LANGUAGE_STANDARD = "gnu++0x";
				CLANG_CXX_LIBRARY = "libc++";
				CLANG_ENABLE_MODULES = YES;
				CLANG_ENABLE_OBJC_ARC = YES;
				CLANG_WARN_BOOL_CONVERSION = YES;
				CLANG_WARN_CONSTANT_CONVERSION = YES;
				CLANG_WARN_DIRECT_OBJC_ISA_USAGE = YES_ERROR;
				CLANG_WARN_DOCUMENTATION_COMMENTS = YES;
				CLANG_WARN_EMPTY_BODY = YES;
				CLANG_WARN_ENUM_CONVERSION = YES;
				CLANG_WARN_INFINITE_RECURSION = YES;
				CLANG_WARN_INT_CONVERSION = YES;
				CLANG_WARN_OBJC_ROOT_CLASS = YES_ERROR;
				CLANG_WARN_SUSPICIOUS_MOVES = YES;
				CLANG_WARN_UNREACHABLE_CODE = YES;
				CLANG_WARN__DUPLICATE_METHOD_MATCH = YES;
				"CODE_SIGN_IDENTITY[sdk=iphoneos*]" = "iPhone Developer";
				COPY_PHASE_STRIP = NO;
				DEBUG_INFORMATION_FORMAT = "dwarf-with-dsym";
				ENABLE_NS_ASSERTIONS = NO;
				ENABLE_STRICT_OBJC_MSGSEND = YES;
				GCC_C_LANGUAGE_STANDARD = gnu99;
				GCC_NO_COMMON_BLOCKS = YES;
				GCC_WARN_64_TO_32_BIT_CONVERSION = YES;
				GCC_WARN_ABOUT_RETURN_TYPE = YES_ERROR;
				GCC_WARN_UNDECLARED_SELECTOR = YES;
				GCC_WARN_UNINITIALIZED_AUTOS = YES_AGGRESSIVE;
				GCC_WARN_UNUSED_FUNCTION = YES;
				GCC_WARN_UNUSED_VARIABLE = YES;
				IPHONEOS_DEPLOYMENT_TARGET = 10.0;
				MTL_ENABLE_DEBUG_INFO = NO;
				SDKROOT = iphoneos;
				VALIDATE_PRODUCT = YES;
			};
			name = Release;
		};
		0FC2F8841E15F973006079D2 /* Debug */ = {
			isa = XCBuildConfiguration;
			baseConfigurationReference = 43B24933431DC48870469321 /* Pods-WJLoadViewDemo.debug.xcconfig */;
			buildSettings = {
				ASSETCATALOG_COMPILER_APPICON_NAME = AppIcon;
				DEVELOPMENT_TEAM = JHA85WF3AT;
				INFOPLIST_FILE = WJLoadViewDemo/Info.plist;
				LD_RUNPATH_SEARCH_PATHS = "$(inherited) @executable_path/Frameworks";
				PRODUCT_BUNDLE_IDENTIFIER = www.qhfax.com.WJLoadViewDemo;
				PRODUCT_NAME = "$(TARGET_NAME)";
			};
			name = Debug;
		};
		0FC2F8851E15F973006079D2 /* Release */ = {
			isa = XCBuildConfiguration;
			baseConfigurationReference = EA27ABD826EDBCF0B2387AE5 /* Pods-WJLoadViewDemo.release.xcconfig */;
			buildSettings = {
				ASSETCATALOG_COMPILER_APPICON_NAME = AppIcon;
				DEVELOPMENT_TEAM = JHA85WF3AT;
				INFOPLIST_FILE = WJLoadViewDemo/Info.plist;
				LD_RUNPATH_SEARCH_PATHS = "$(inherited) @executable_path/Frameworks";
				PRODUCT_BUNDLE_IDENTIFIER = www.qhfax.com.WJLoadViewDemo;
				PRODUCT_NAME = "$(TARGET_NAME)";
			};
			name = Release;
		};
/* End XCBuildConfiguration section */

/* Begin XCConfigurationList section */
		0FC2F8671E15F973006079D2 /* Build configuration list for PBXProject "WJLoadViewDemo" */ = {
			isa = XCConfigurationList;
			buildConfigurations = (
				0FC2F8811E15F973006079D2 /* Debug */,
				0FC2F8821E15F973006079D2 /* Release */,
			);
			defaultConfigurationIsVisible = 0;
			defaultConfigurationName = Release;
		};
		0FC2F8831E15F973006079D2 /* Build configuration list for PBXNativeTarget "WJLoadViewDemo" */ = {
			isa = XCConfigurationList;
			buildConfigurations = (
				0FC2F8841E15F973006079D2 /* Debug */,
				0FC2F8851E15F973006079D2 /* Release */,
			);
			defaultConfigurationIsVisible = 0;
			defaultConfigurationName = Release;
		};
/* End XCConfigurationList section */
	};
	rootObject = 0FC2F8641E15F973006079D2 /* Project object */;
}
